
Microsoft Visual Studio Solution File, Format Version 12.00
# Visual Studio Version 16
VisualStudioVersion = 16.0.30503.244
MinimumVisualStudioVersion = 10.0.40219.1
Project("{9A19103F-16F7-4668-BE54-9A1E7A4F7556}") = "OwnedEntityTypes", "src\OwnedEntityTypes.csproj", "{4874A12C-7981-411C-AF69-EBC728AE0D63}"
EndProject
Global
	GlobalSection(SolutionConfigurationPlatforms) = preSolution
		Debug|Any CPU = Debug|Any CPU
		Release|Any CPU = Release|Any CPU
	EndGlobalSection
	GlobalSection(ProjectConfigurationPlatforms) = postSolution
		{4874A12C-7981-411C-AF69-EBC728AE0D63}.Debug|Any CPU.ActiveCfg = Debug|Any CPU
		{4874A12C-7981-411C-AF69-EBC728AE0D63}.Debug|Any CPU.Build.0 = Debug|Any CPU
		{4874A12C-7981-411C-AF69-EBC728AE0D63}.Release|Any CPU.ActiveCfg = Release|Any CPU
		{4874A12C-7981-411C-AF69-EBC728AE0D63}.Release|Any CPU.Build.0 = Release|Any CPU
	EndGlobalSection
	GlobalSection(SolutionProperties) = preSolution
		HideSolutionNode = FALSE
	EndGlobalSection
	GlobalSection(ExtensibilityGlobals) = postSolution
		SolutionGuid = {616CD51D-2ECE-40C7-BF2F-B47DEFF02502}
	EndGlobalSection
EndGlobal
